
Microsoft Visual Studio Solution File, Format Version 12.00
# Visual Studio Version 16
VisualStudioVersion = 16.0.29326.143
MinimumVisualStudioVersion = 10.0.40219.1
Project("{8BC9CEB8-8B4A-11D0-8D11-00A0C91BC942}") = "cuda_nn", "cuda_nn.vcxproj", "{84603CD2-B3D8-4B57-A40E-6B7072C1DB97}"
EndProject
Global
	GlobalSection(SolutionConfigurationPlatforms) = preSolution
		Debug|x64 = Debug|x64
		Release|x64 = Release|x64
	EndGlobalSection
	GlobalSection(ProjectConfigurationPlatforms) = postSolution
		{84603CD2-B3D8-4B57-A40E-6B7072C1DB97}.Debug|x64.ActiveCfg = Debug|x64
		{84603CD2-B3D8-4B57-A40E-6B7072C1DB97}.Debug|x64.Build.0 = Debug|x64
		{84603CD2-B3D8-4B57-A40E-6B7072C1DB97}.Release|x64.ActiveCfg = Release|x64
		{84603CD2-B3D8-4B57-A40E-6B7072C1DB97}.Release|x64.Build.0 = Release|x64
	EndGlobalSection
	GlobalSection(SolutionProperties) = preSolution
		HideSolutionNode = FALSE
	EndGlobalSection
	GlobalSection(ExtensibilityGlobals) = postSolution
		SolutionGuid = {F27E8767-147F-4879-9196-0AC35E59EF78}
	EndGlobalSection
EndGlobal
